
Microsoft Visual Studio Solution File, Format Version 12.00
# Visual Studio Version 17
VisualStudioVersion = 17.3.32922.545
MinimumVisualStudioVersion = 10.0.40219.1
Project("{9A19103F-16F7-4668-BE54-9A1E7A4F7556}") = "TixFactory.Operations", "Assemblies\Operations\TixFactory.Operations\TixFactory.Operations.csproj", "{C6B09927-3416-4ABB-B555-CB774B62F7F3}"
EndProject
Project("{9A19103F-16F7-4668-BE54-9A1E7A4F7556}") = "TixFactory.CookieJar", "Assemblies\CookieJar\TixFactory.CookieJar\TixFactory.CookieJar.csproj", "{953DBEE2-75A1-4228-B894-2E5264E6A8E3}"
EndProject
Project("{9A19103F-16F7-4668-BE54-9A1E7A4F7556}") = "TixFactory.ApplicationContext", "Assemblies\ApplicationContext\TixFactory.ApplicationContext\TixFactory.ApplicationContext.csproj", "{F4BFF98A-73C2-4FBE-8FB2-CE1831A027BD}"
EndProject
Project("{9A19103F-16F7-4668-BE54-9A1E7A4F7556}") = "TixFactory.Configuration.Tests.Unit", "Assemblies\Configuration\TixFactory.Configuration.Tests.Unit\TixFactory.Configuration.Tests.Unit.csproj", "{F57CC687-94EE-421F-B5B2-490046DC5497}"
EndProject
Project("{9A19103F-16F7-4668-BE54-9A1E7A4F7556}") = "TixFactory.Configuration", "Assemblies\Configuration\TixFactory.Configuration\TixFactory.Configuration.csproj", "{E2DBAF5F-ECBF-4E25-A7FC-3E4A9A153CAF}"
EndProject
Project("{9A19103F-16F7-4668-BE54-9A1E7A4F7556}") = "TixFactory.Discord", "Assemblies\Discord\TixFactory.Discord\TixFactory.Discord.csproj", "{07C1F7CB-C5BA-4574-8147-A1551A06387E}"
EndProject
Project("{9A19103F-16F7-4668-BE54-9A1E7A4F7556}") = "TixFactory.Firebase", "Assemblies\Firebase\TixFactory.Firebase\TixFactory.Firebase.csproj", "{A89679EF-CD23-4679-8D2C-F373D05D1AB6}"
EndProject
Project("{9A19103F-16F7-4668-BE54-9A1E7A4F7556}") = "TixFactory.Http", "Assemblies\Http\TixFactory.Http\TixFactory.Http.csproj", "{A02DC034-352B-48A0-88F5-F391A8ECCD89}"
EndProject
Project("{9A19103F-16F7-4668-BE54-9A1E7A4F7556}") = "TixFactory.Http.Client", "Assemblies\Http\TixFactory.Http.Client\TixFactory.Http.Client.csproj", "{D076B06E-9938-449F-9028-FD6E4A2DEAD3}"
EndProject
Project("{9A19103F-16F7-4668-BE54-9A1E7A4F7556}") = "TixFactory.Http.Service", "Assemblies\Http\TixFactory.Http.Service\TixFactory.Http.Service.csproj", "{7360D6B7-50D3-4884-B20F-54B9A277C527}"
EndProject
Project("{9A19103F-16F7-4668-BE54-9A1E7A4F7556}") = "TixFactory.Logging", "Assemblies\Logging\TixFactory.Logging\TixFactory.Logging.csproj", "{426ADD4E-850E-4B0B-A814-328F26B19209}"
EndProject
Project("{9A19103F-16F7-4668-BE54-9A1E7A4F7556}") = "TixFactory.Logging.Windows", "Assemblies\Logging\TixFactory.Logging.Windows\TixFactory.Logging.Windows.csproj", "{A5DE4B96-F637-403F-B4E7-BE4F0A824C1E}"
EndProject
Project("{9A19103F-16F7-4668-BE54-9A1E7A4F7556}") = "TixFactory.Processors", "Assemblies\Processors\TixFactory.Processors\TixFactory.Processors.csproj", "{F899C53B-C82A-41C2-BC78-C42080029A00}"
EndProject
Project("{9A19103F-16F7-4668-BE54-9A1E7A4F7556}") = "TixFactory.Processors.Queueing", "Assemblies\Processors\TixFactory.Processors.Queueing\TixFactory.Processors.Queueing.csproj", "{2FB0CF50-6937-4F91-89C4-133DC2A0E3DA}"
EndProject
Project("{9A19103F-16F7-4668-BE54-9A1E7A4F7556}") = "TixFactory.Queueing", "Assemblies\Queueing\TixFactory.Queueing\TixFactory.Queueing.csproj", "{ADCC3821-BDE9-41A2-9325-EFD729ECC0D0}"
EndProject
Project("{9A19103F-16F7-4668-BE54-9A1E7A4F7556}") = "TixFactory.Serialization.Json", "Assemblies\Serialization\TixFactory.Serialization.Json\TixFactory.Serialization.Json.csproj", "{9AF6737B-0378-438B-9D9C-F216D41A61AB}"
EndProject
Project("{9A19103F-16F7-4668-BE54-9A1E7A4F7556}") = "TixFactory.MongoDB", "Assemblies\MongoDB\TixFactory.MongoDB\TixFactory.MongoDB.csproj", "{B281922F-94DF-4113-89AE-6F872F155A44}"
EndProject
Global
	GlobalSection(SolutionConfigurationPlatforms) = preSolution
		Debug|Any CPU = Debug|Any CPU
		Release|Any CPU = Release|Any CPU
	EndGlobalSection
	GlobalSection(ProjectConfigurationPlatforms) = postSolution
		{C6B09927-3416-4ABB-B555-CB774B62F7F3}.Debug|Any CPU.ActiveCfg = Debug|Any CPU
		{C6B09927-3416-4ABB-B555-CB774B62F7F3}.Debug|Any CPU.Build.0 = Debug|Any CPU
		{C6B09927-3416-4ABB-B555-CB774B62F7F3}.Release|Any CPU.ActiveCfg = Release|Any CPU
		{C6B09927-3416-4ABB-B555-CB774B62F7F3}.Release|Any CPU.Build.0 = Release|Any CPU
		{953DBEE2-75A1-4228-B894-2E5264E6A8E3}.Debug|Any CPU.ActiveCfg = Debug|Any CPU
		{953DBEE2-75A1-4228-B894-2E5264E6A8E3}.Debug|Any CPU.Build.0 = Debug|Any CPU
		{953DBEE2-75A1-4228-B894-2E5264E6A8E3}.Release|Any CPU.ActiveCfg = Release|Any CPU
		{953DBEE2-75A1-4228-B894-2E5264E6A8E3}.Release|Any CPU.Build.0 = Release|Any CPU
		{F4BFF98A-73C2-4FBE-8FB2-CE1831A027BD}.Debug|Any CPU.ActiveCfg = Debug|Any CPU
		{F4BFF98A-73C2-4FBE-8FB2-CE1831A027BD}.Debug|Any CPU.Build.0 = Debug|Any CPU
		{F4BFF98A-73C2-4FBE-8FB2-CE1831A027BD}.Release|Any CPU.ActiveCfg = Release|Any CPU
		{F4BFF98A-73C2-4FBE-8FB2-CE1831A027BD}.Release|Any CPU.Build.0 = Release|Any CPU
		{F57CC687-94EE-421F-B5B2-490046DC5497}.Debug|Any CPU.ActiveCfg = Debug|Any CPU
		{F57CC687-94EE-421F-B5B2-490046DC5497}.Debug|Any CPU.Build.0 = Debug|Any CPU
		{F57CC687-94EE-421F-B5B2-490046DC5497}.Release|Any CPU.ActiveCfg = Release|Any CPU
		{F57CC687-94EE-421F-B5B2-490046DC5497}.Release|Any CPU.Build.0 = Release|Any CPU
		{E2DBAF5F-ECBF-4E25-A7FC-3E4A9A153CAF}.Debug|Any CPU.ActiveCfg = Debug|Any CPU
		{E2DBAF5F-ECBF-4E25-A7FC-3E4A9A153CAF}.Debug|Any CPU.Build.0 = Debug|Any CPU
		{E2DBAF5F-ECBF-4E25-A7FC-3E4A9A153CAF}.Release|Any CPU.ActiveCfg = Release|Any CPU
		{E2DBAF5F-ECBF-4E25-A7FC-3E4A9A153CAF}.Release|Any CPU.Build.0 = Release|Any CPU
		{07C1F7CB-C5BA-4574-8147-A1551A06387E}.Debug|Any CPU.ActiveCfg = Debug|Any CPU
		{07C1F7CB-C5BA-4574-8147-A1551A06387E}.Debug|Any CPU.Build.0 = Debug|Any CPU
		{07C1F7CB-C5BA-4574-8147-A1551A06387E}.Release|Any CPU.ActiveCfg = Release|Any CPU
		{07C1F7CB-C5BA-4574-8147-A1551A06387E}.Release|Any CPU.Build.0 = Release|Any CPU
		{A89679EF-CD23-4679-8D2C-F373D05D1AB6}.Debug|Any CPU.ActiveCfg = Debug|Any CPU
		{A89679EF-CD23-4679-8D2C-F373D05D1AB6}.Debug|Any CPU.Build.0 = Debug|Any CPU
		{A89679EF-CD23-4679-8D2C-F373D05D1AB6}.Release|Any CPU.ActiveCfg = Release|Any CPU
		{A89679EF-CD23-4679-8D2C-F373D05D1AB6}.Release|Any CPU.Build.0 = Release|Any CPU
		{A02DC034-352B-48A0-88F5-F391A8ECCD89}.Debug|Any CPU.ActiveCfg = Debug|Any CPU
		{A02DC034-352B-48A0-88F5-F391A8ECCD89}.Debug|Any CPU.Build.0 = Debug|Any CPU
		{A02DC034-352B-48A0-88F5-F391A8ECCD89}.Release|Any CPU.ActiveCfg = Release|Any CPU
		{A02DC034-352B-48A0-88F5-F391A8ECCD89}.Release|Any CPU.Build.0 = Release|Any CPU
		{D076B06E-9938-449F-9028-FD6E4A2DEAD3}.Debug|Any CPU.ActiveCfg = Debug|Any CPU
		{D076B06E-9938-449F-9028-FD6E4A2DEAD3}.Debug|Any CPU.Build.0 = Debug|Any CPU
		{D076B06E-9938-449F-9028-FD6E4A2DEAD3}.Release|Any CPU.ActiveCfg = Release|Any CPU
		{D076B06E-9938-449F-9028-FD6E4A2DEAD3}.Release|Any CPU.Build.0 = Release|Any CPU
		{7360D6B7-50D3-4884-B20F-54B9A277C527}.Debug|Any CPU.ActiveCfg = Debug|Any CPU
		{7360D6B7-50D3-4884-B20F-54B9A277C527}.Debug|Any CPU.Build.0 = Debug|Any CPU
		{7360D6B7-50D3-4884-B20F-54B9A277C527}.Release|Any CPU.ActiveCfg = Release|Any CPU
		{7360D6B7-50D3-4884-B20F-54B9A277C527}.Release|Any CPU.Build.0 = Release|Any CPU
		{426ADD4E-850E-4B0B-A814-328F26B19209}.Debug|Any CPU.ActiveCfg = Debug|Any CPU
		{426ADD4E-850E-4B0B-A814-328F26B19209}.Debug|Any CPU.Build.0 = Debug|Any CPU
		{426ADD4E-850E-4B0B-A814-328F26B19209}.Release|Any CPU.ActiveCfg = Release|Any CPU
		{426ADD4E-850E-4B0B-A814-328F26B19209}.Release|Any CPU.Build.0 = Release|Any CPU
		{A5DE4B96-F637-403F-B4E7-BE4F0A824C1E}.Debug|Any CPU.ActiveCfg = Debug|Any CPU
		{A5DE4B96-F637-403F-B4E7-BE4F0A824C1E}.Debug|Any CPU.Build.0 = Debug|Any CPU
		{A5DE4B96-F637-403F-B4E7-BE4F0A824C1E}.Release|Any CPU.ActiveCfg = Release|Any CPU
		{A5DE4B96-F637-403F-B4E7-BE4F0A824C1E}.Release|Any CPU.Build.0 = Release|Any CPU
		{F899C53B-C82A-41C2-BC78-C42080029A00}.Debug|Any CPU.ActiveCfg = Debug|Any CPU
		{F899C53B-C82A-41C2-BC78-C42080029A00}.Debug|Any CPU.Build.0 = Debug|Any CPU
		{F899C53B-C82A-41C2-BC78-C42080029A00}.Release|Any CPU.ActiveCfg = Release|Any CPU
		{F899C53B-C82A-41C2-BC78-C42080029A00}.Release|Any CPU.Build.0 = Release|Any CPU
		{2FB0CF50-6937-4F91-89C4-133DC2A0E3DA}.Debug|Any CPU.ActiveCfg = Debug|Any CPU
		{2FB0CF50-6937-4F91-89C4-133DC2A0E3DA}.Debug|Any CPU.Build.0 = Debug|Any CPU
		{2FB0CF50-6937-4F91-89C4-133DC2A0E3DA}.Release|Any CPU.ActiveCfg = Release|Any CPU
		{2FB0CF50-6937-4F91-89C4-133DC2A0E3DA}.Release|Any CPU.Build.0 = Release|Any CPU
		{ADCC3821-BDE9-41A2-9325-EFD729ECC0D0}.Debug|Any CPU.ActiveCfg = Debug|Any CPU
		{ADCC3821-BDE9-41A2-9325-EFD729ECC0D0}.Debug|Any CPU.Build.0 = Debug|Any CPU
		{ADCC3821-BDE9-41A2-9325-EFD729ECC0D0}.Release|Any CPU.ActiveCfg = Release|Any CPU
		{ADCC3821-BDE9-41A2-9325-EFD729ECC0D0}.Release|Any CPU.Build.0 = Release|Any CPU
		{9AF6737B-0378-438B-9D9C-F216D41A61AB}.Debug|Any CPU.ActiveCfg = Debug|Any CPU
		{9AF6737B-0378-438B-9D9C-F216D41A61AB}.Debug|Any CPU.Build.0 = Debug|Any CPU
		{9AF6737B-0378-438B-9D9C-F216D41A61AB}.Release|Any CPU.ActiveCfg = Release|Any CPU
		{9AF6737B-0378-438B-9D9C-F216D41A61AB}.Release|Any CPU.Build.0 = Release|Any CPU
		{B281922F-94DF-4113-89AE-6F872F155A44}.Debug|Any CPU.ActiveCfg = Debug|Any CPU
		{B281922F-94DF-4113-89AE-6F872F155A44}.Debug|Any CPU.Build.0 = Debug|Any CPU
		{B281922F-94DF-4113-89AE-6F872F155A44}.Release|Any CPU.ActiveCfg = Release|Any CPU
		{B281922F-94DF-4113-89AE-6F872F155A44}.Release|Any CPU.Build.0 = Release|Any CPU
	EndGlobalSection
	GlobalSection(SolutionProperties) = preSolution
		HideSolutionNode = FALSE
	EndGlobalSection
	GlobalSection(ExtensibilityGlobals) = postSolution
		SolutionGuid = {179E5FC3-9B6B-46D9-87A4-A4598EB6EC23}
	EndGlobalSection
EndGlobal
