
Microsoft Visual Studio Solution File, Format Version 12.00
# Visual Studio 15
VisualStudioVersion = 15.0.28307.168
MinimumVisualStudioVersion = 10.0.40219.1
Project("{FAE04EC0-301F-11D3-BF4B-00C04F79EFBC}") = "TixFactory.Database.MySql", "TixFactory.Database.MySql\TixFactory.Database.MySql.csproj", "{8EBFAE3C-335A-489C-9FED-DB9DDF906CCC}"
EndProject
Project("{FAE04EC0-301F-11D3-BF4B-00C04F79EFBC}") = "TixFactory.Database.MySql.Tests.Unit", "TixFactory.Database.MySql.Tests.Unit\TixFactory.Database.MySql.Tests.Unit.csproj", "{8AB16D1B-6FF2-40CA-91CC-6C6BF2A3D62F}"
EndProject
Global
	GlobalSection(SolutionConfigurationPlatforms) = preSolution
		Debug|Any CPU = Debug|Any CPU
		Release|Any CPU = Release|Any CPU
	EndGlobalSection
	GlobalSection(ProjectConfigurationPlatforms) = postSolution
		{8EBFAE3C-335A-489C-9FED-DB9DDF906CCC}.Debug|Any CPU.ActiveCfg = Debug|Any CPU
		{8EBFAE3C-335A-489C-9FED-DB9DDF906CCC}.Debug|Any CPU.Build.0 = Debug|Any CPU
		{8EBFAE3C-335A-489C-9FED-DB9DDF906CCC}.Release|Any CPU.ActiveCfg = Release|Any CPU
		{8EBFAE3C-335A-489C-9FED-DB9DDF906CCC}.Release|Any CPU.Build.0 = Release|Any CPU
		{8AB16D1B-6FF2-40CA-91CC-6C6BF2A3D62F}.Debug|Any CPU.ActiveCfg = Debug|Any CPU
		{8AB16D1B-6FF2-40CA-91CC-6C6BF2A3D62F}.Debug|Any CPU.Build.0 = Debug|Any CPU
		{8AB16D1B-6FF2-40CA-91CC-6C6BF2A3D62F}.Release|Any CPU.ActiveCfg = Release|Any CPU
		{8AB16D1B-6FF2-40CA-91CC-6C6BF2A3D62F}.Release|Any CPU.Build.0 = Release|Any CPU
	EndGlobalSection
	GlobalSection(SolutionProperties) = preSolution
		HideSolutionNode = FALSE
	EndGlobalSection
	GlobalSection(ExtensibilityGlobals) = postSolution
		SolutionGuid = {32E9EB74-EA6B-45EF-9098-1D0863845037}
	EndGlobalSection
EndGlobal
