
Microsoft Visual Studio Solution File, Format Version 12.00
# Visual Studio Version 16
VisualStudioVersion = 16.0.30517.126
MinimumVisualStudioVersion = 10.0.40219.1
Project("{FAE04EC0-301F-11D3-BF4B-00C04F79EFBC}") = "TixFactory.Configuration.Client", "TixFactory.Configuration.Client\TixFactory.Configuration.Client.csproj", "{65E7A873-8904-42B2-90F0-345282708784}"
EndProject
Global
	GlobalSection(SolutionConfigurationPlatforms) = preSolution
		Debug|Any CPU = Debug|Any CPU
		Release|Any CPU = Release|Any CPU
	EndGlobalSection
	GlobalSection(ProjectConfigurationPlatforms) = postSolution
		{65E7A873-8904-42B2-90F0-345282708784}.Debug|Any CPU.ActiveCfg = Debug|Any CPU
		{65E7A873-8904-42B2-90F0-345282708784}.Debug|Any CPU.Build.0 = Debug|Any CPU
		{65E7A873-8904-42B2-90F0-345282708784}.Release|Any CPU.ActiveCfg = Release|Any CPU
		{65E7A873-8904-42B2-90F0-345282708784}.Release|Any CPU.Build.0 = Release|Any CPU
	EndGlobalSection
	GlobalSection(SolutionProperties) = preSolution
		HideSolutionNode = FALSE
	EndGlobalSection
	GlobalSection(ExtensibilityGlobals) = postSolution
		SolutionGuid = {DD9045B8-3ADE-4433-A492-5BDB2912C1BF}
	EndGlobalSection
EndGlobal
