
Microsoft Visual Studio Solution File, Format Version 12.00
# Visual Studio Version 16
VisualStudioVersion = 16.0.30517.126
MinimumVisualStudioVersion = 10.0.40219.1
Project("{9A19103F-16F7-4668-BE54-9A1E7A4F7556}") = "TixFactory.Http", "TixFactory.Http\TixFactory.Http.csproj", "{BC43885D-896C-46FA-AE77-8DE1523ED703}"
EndProject
Project("{9A19103F-16F7-4668-BE54-9A1E7A4F7556}") = "TixFactory.Http.Client", "TixFactory.Http.Client\TixFactory.Http.Client.csproj", "{9B4257DC-E0A5-4D55-80E5-3A01D64CDA31}"
EndProject
Project("{9A19103F-16F7-4668-BE54-9A1E7A4F7556}") = "TixFactory.Http.Server", "TixFactory.Http.Server\TixFactory.Http.Server.csproj", "{9039745E-4488-4BF2-BA09-785AA8D786AC}"
EndProject
Project("{FAE04EC0-301F-11D3-BF4B-00C04F79EFBC}") = "TixFactory.Http.Service", "TixFactory.Http.Service\TixFactory.Http.Service.csproj", "{F25C67F2-E109-4026-9D72-F76FCD06AB38}"
EndProject
Global
	GlobalSection(SolutionConfigurationPlatforms) = preSolution
		Debug|Any CPU = Debug|Any CPU
		Release|Any CPU = Release|Any CPU
	EndGlobalSection
	GlobalSection(ProjectConfigurationPlatforms) = postSolution
		{BC43885D-896C-46FA-AE77-8DE1523ED703}.Debug|Any CPU.ActiveCfg = Debug|Any CPU
		{BC43885D-896C-46FA-AE77-8DE1523ED703}.Debug|Any CPU.Build.0 = Debug|Any CPU
		{BC43885D-896C-46FA-AE77-8DE1523ED703}.Release|Any CPU.ActiveCfg = Release|Any CPU
		{BC43885D-896C-46FA-AE77-8DE1523ED703}.Release|Any CPU.Build.0 = Release|Any CPU
		{9B4257DC-E0A5-4D55-80E5-3A01D64CDA31}.Debug|Any CPU.ActiveCfg = Debug|Any CPU
		{9B4257DC-E0A5-4D55-80E5-3A01D64CDA31}.Debug|Any CPU.Build.0 = Debug|Any CPU
		{9B4257DC-E0A5-4D55-80E5-3A01D64CDA31}.Release|Any CPU.ActiveCfg = Release|Any CPU
		{9B4257DC-E0A5-4D55-80E5-3A01D64CDA31}.Release|Any CPU.Build.0 = Release|Any CPU
		{9039745E-4488-4BF2-BA09-785AA8D786AC}.Debug|Any CPU.ActiveCfg = Debug|Any CPU
		{9039745E-4488-4BF2-BA09-785AA8D786AC}.Debug|Any CPU.Build.0 = Debug|Any CPU
		{9039745E-4488-4BF2-BA09-785AA8D786AC}.Release|Any CPU.ActiveCfg = Release|Any CPU
		{9039745E-4488-4BF2-BA09-785AA8D786AC}.Release|Any CPU.Build.0 = Release|Any CPU
		{F25C67F2-E109-4026-9D72-F76FCD06AB38}.Debug|Any CPU.ActiveCfg = Debug|Any CPU
		{F25C67F2-E109-4026-9D72-F76FCD06AB38}.Debug|Any CPU.Build.0 = Debug|Any CPU
		{F25C67F2-E109-4026-9D72-F76FCD06AB38}.Release|Any CPU.ActiveCfg = Release|Any CPU
		{F25C67F2-E109-4026-9D72-F76FCD06AB38}.Release|Any CPU.Build.0 = Release|Any CPU
	EndGlobalSection
	GlobalSection(SolutionProperties) = preSolution
		HideSolutionNode = FALSE
	EndGlobalSection
	GlobalSection(ExtensibilityGlobals) = postSolution
		SolutionGuid = {B64A4885-05D3-4F8E-A465-6CB80B65A77F}
	EndGlobalSection
EndGlobal
