
Microsoft Visual Studio Solution File, Format Version 12.00
# Visual Studio 15
VisualStudioVersion = 15.0.28307.168
MinimumVisualStudioVersion = 10.0.40219.1
Project("{FAE04EC0-301F-11D3-BF4B-00C04F79EFBC}") = "TixFactory.Http", "TixFactory.Http\TixFactory.Http.csproj", "{BC43885D-896C-46FA-AE77-8DE1523ED703}"
EndProject
Project("{FAE04EC0-301F-11D3-BF4B-00C04F79EFBC}") = "TixFactory.Http.Client", "TixFactory.Http.Client\TixFactory.Http.Client.csproj", "{9B4257DC-E0A5-4D55-80E5-3A01D64CDA31}"
EndProject
Global
	GlobalSection(SolutionConfigurationPlatforms) = preSolution
		Debug|Any CPU = Debug|Any CPU
		Release|Any CPU = Release|Any CPU
	EndGlobalSection
	GlobalSection(ProjectConfigurationPlatforms) = postSolution
		{BC43885D-896C-46FA-AE77-8DE1523ED703}.Debug|Any CPU.ActiveCfg = Debug|Any CPU
		{BC43885D-896C-46FA-AE77-8DE1523ED703}.Debug|Any CPU.Build.0 = Debug|Any CPU
		{BC43885D-896C-46FA-AE77-8DE1523ED703}.Release|Any CPU.ActiveCfg = Release|Any CPU
		{BC43885D-896C-46FA-AE77-8DE1523ED703}.Release|Any CPU.Build.0 = Release|Any CPU
		{9B4257DC-E0A5-4D55-80E5-3A01D64CDA31}.Debug|Any CPU.ActiveCfg = Debug|Any CPU
		{9B4257DC-E0A5-4D55-80E5-3A01D64CDA31}.Debug|Any CPU.Build.0 = Debug|Any CPU
		{9B4257DC-E0A5-4D55-80E5-3A01D64CDA31}.Release|Any CPU.ActiveCfg = Release|Any CPU
		{9B4257DC-E0A5-4D55-80E5-3A01D64CDA31}.Release|Any CPU.Build.0 = Release|Any CPU
	EndGlobalSection
	GlobalSection(SolutionProperties) = preSolution
		HideSolutionNode = FALSE
	EndGlobalSection
	GlobalSection(ExtensibilityGlobals) = postSolution
		SolutionGuid = {B64A4885-05D3-4F8E-A465-6CB80B65A77F}
	EndGlobalSection
EndGlobal
